// !$*UTF8*$!
{
	archiveVersion = 1;
	classes = {
	};
	objectVersion = 55;
	objects = {

/* Begin PBXBuildFile section */
		4DC99DF53690D2B527177F0C /* Pods_Sixt.framework in Frameworks */ = {isa = PBXBuildFile; fileRef = 418DD75E90F8FF130C7F4537 /* Pods_Sixt.framework */; };
		8E1CCE54B4A94AD045E0D29F /* Pods_SixtTests.framework in Frameworks */ = {isa = PBXBuildFile; fileRef = 55EE91832826442EFC6DBDEF /* Pods_SixtTests.framework */; };
		B709DF68ABF3B0DEC2FED9A1 /* Pods_Sixt_SixtUITests.framework in Frameworks */ = {isa = PBXBuildFile; fileRef = 8137C2893CDB52661D672702 /* Pods_Sixt_SixtUITests.framework */; };
		EB30859527FF2C6D006E5553 /* CarListModuleConfigurator.swift in Sources */ = {isa = PBXBuildFile; fileRef = EB30859427FF2C6D006E5553 /* CarListModuleConfigurator.swift */; };
		EB30859827FF3131006E5553 /* CarMapViewController.swift in Sources */ = {isa = PBXBuildFile; fileRef = EB30859727FF3131006E5553 /* CarMapViewController.swift */; };
		EB30859A27FF314C006E5553 /* CarMapModuleConfigurator.swift in Sources */ = {isa = PBXBuildFile; fileRef = EB30859927FF314C006E5553 /* CarMapModuleConfigurator.swift */; };
		EB30859C27FF3327006E5553 /* Car+MKAnnotation.swift in Sources */ = {isa = PBXBuildFile; fileRef = EB30859B27FF3327006E5553 /* Car+MKAnnotation.swift */; };
		EB709EB127FF42D300232374 /* MapHelper.swift in Sources */ = {isa = PBXBuildFile; fileRef = EB709EB027FF42D300232374 /* MapHelper.swift */; };
		EBAD86B62801971900D87E0C /* CarDetailsView.swift in Sources */ = {isa = PBXBuildFile; fileRef = EBAD86B52801971900D87E0C /* CarDetailsView.swift */; };
		EBAD86BB28019CB700D87E0C /* CarDetailsViewController.swift in Sources */ = {isa = PBXBuildFile; fileRef = EBAD86BA28019CB700D87E0C /* CarDetailsViewController.swift */; };
		EBAD86BD28019D1000D87E0C /* CarDetailsAnimator.swift in Sources */ = {isa = PBXBuildFile; fileRef = EBAD86BC28019D1000D87E0C /* CarDetailsAnimator.swift */; };
		EBAD86BF28019E7500D87E0C /* CarDetailsPresentationAnimator.swift in Sources */ = {isa = PBXBuildFile; fileRef = EBAD86BE28019E7500D87E0C /* CarDetailsPresentationAnimator.swift */; };
		EBAD86C128019ED300D87E0C /* CarDetailsDismissalAnimator.swift in Sources */ = {isa = PBXBuildFile; fileRef = EBAD86C028019ED300D87E0C /* CarDetailsDismissalAnimator.swift */; };
		EBCA99FC2802F6C90026303F /* CarDetailsModuleConfigurator.swift in Sources */ = {isa = PBXBuildFile; fileRef = EBCA99FB2802F6C90026303F /* CarDetailsModuleConfigurator.swift */; };
		EBCA9A00280300A90026303F /* Transmission.swift in Sources */ = {isa = PBXBuildFile; fileRef = EBCA99FF280300A90026303F /* Transmission.swift */; };
		EBCA9A02280300F00026303F /* FuelType.swift in Sources */ = {isa = PBXBuildFile; fileRef = EBCA9A01280300F00026303F /* FuelType.swift */; };
		EBCA9A04280301440026303F /* InnerCleanliness.swift in Sources */ = {isa = PBXBuildFile; fileRef = EBCA9A03280301440026303F /* InnerCleanliness.swift */; };
		EBCA9A06280301A50026303F /* CarColor.swift in Sources */ = {isa = PBXBuildFile; fileRef = EBCA9A05280301A50026303F /* CarColor.swift */; };
		EBFE851127FED62900461FE6 /* AppDelegate.swift in Sources */ = {isa = PBXBuildFile; fileRef = EBFE851027FED62900461FE6 /* AppDelegate.swift */; };
		EBFE851827FED62900461FE6 /* Main.storyboard in Resources */ = {isa = PBXBuildFile; fileRef = EBFE851627FED62900461FE6 /* Main.storyboard */; };
		EBFE851A27FED62C00461FE6 /* Assets.xcassets in Resources */ = {isa = PBXBuildFile; fileRef = EBFE851927FED62C00461FE6 /* Assets.xcassets */; };
		EBFE851D27FED62C00461FE6 /* LaunchScreen.storyboard in Resources */ = {isa = PBXBuildFile; fileRef = EBFE851B27FED62C00461FE6 /* LaunchScreen.storyboard */; };
		EBFE852827FED62C00461FE6 /* SixtTests.swift in Sources */ = {isa = PBXBuildFile; fileRef = EBFE852727FED62C00461FE6 /* SixtTests.swift */; };
		EBFE853227FED62C00461FE6 /* SixtUITests.swift in Sources */ = {isa = PBXBuildFile; fileRef = EBFE853127FED62C00461FE6 /* SixtUITests.swift */; };
		EBFE853427FED62C00461FE6 /* SixtUITestsLaunchTests.swift in Sources */ = {isa = PBXBuildFile; fileRef = EBFE853327FED62C00461FE6 /* SixtUITestsLaunchTests.swift */; };
		EBFE854E27FEE40B00461FE6 /* DI.swift in Sources */ = {isa = PBXBuildFile; fileRef = EBFE854D27FEE40B00461FE6 /* DI.swift */; };
		EBFE856027FEE58100461FE6 /* Car.swift in Sources */ = {isa = PBXBuildFile; fileRef = EBFE855027FEE58100461FE6 /* Car.swift */; };
		EBFE856127FEE58100461FE6 /* NetworkService.swift in Sources */ = {isa = PBXBuildFile; fileRef = EBFE855327FEE58100461FE6 /* NetworkService.swift */; };
		EBFE856227FEE58100461FE6 /* ErrorMessageService.swift in Sources */ = {isa = PBXBuildFile; fileRef = EBFE855827FEE58100461FE6 /* ErrorMessageService.swift */; };
		EBFE856327FEE58100461FE6 /* AppCoordinator.swift in Sources */ = {isa = PBXBuildFile; fileRef = EBFE855A27FEE58100461FE6 /* AppCoordinator.swift */; };
		EBFE856427FEE58100461FE6 /* ImageLoaderService.swift in Sources */ = {isa = PBXBuildFile; fileRef = EBFE855D27FEE58100461FE6 /* ImageLoaderService.swift */; };
		EBFE856527FEE58100461FE6 /* UIView+SnapKit.swift in Sources */ = {isa = PBXBuildFile; fileRef = EBFE855E27FEE58100461FE6 /* UIView+SnapKit.swift */; };
		EBFE856627FEE58100461FE6 /* EmptyListView.swift in Sources */ = {isa = PBXBuildFile; fileRef = EBFE855F27FEE58100461FE6 /* EmptyListView.swift */; };
		EBFE856927FEE66200461FE6 /* CarNetwork.swift in Sources */ = {isa = PBXBuildFile; fileRef = EBFE856827FEE66200461FE6 /* CarNetwork.swift */; };
		EBFE856B27FEE6FE00461FE6 /* CarListable.swift in Sources */ = {isa = PBXBuildFile; fileRef = EBFE856A27FEE6FE00461FE6 /* CarListable.swift */; };
		EBFE856D27FEE73200461FE6 /* CarNetworkError.swift in Sources */ = {isa = PBXBuildFile; fileRef = EBFE856C27FEE73200461FE6 /* CarNetworkError.swift */; };
		EBFE856F27FEE7EE00461FE6 /* CarMapper.swift in Sources */ = {isa = PBXBuildFile; fileRef = EBFE856E27FEE7EE00461FE6 /* CarMapper.swift */; };
		EBFE857327FEE91600461FE6 /* CarSelectModuleConfigurator.swift in Sources */ = {isa = PBXBuildFile; fileRef = EBFE857227FEE91600461FE6 /* CarSelectModuleConfigurator.swift */; };
		EBFE857527FEE94400461FE6 /* CarSelectViewController.swift in Sources */ = {isa = PBXBuildFile; fileRef = EBFE857427FEE94400461FE6 /* CarSelectViewController.swift */; };
		EBFE857727FEEEE200461FE6 /* CarRepository.swift in Sources */ = {isa = PBXBuildFile; fileRef = EBFE857627FEEEE200461FE6 /* CarRepository.swift */; };
		EBFE857927FEEF4B00461FE6 /* CarDatasourceable.swift in Sources */ = {isa = PBXBuildFile; fileRef = EBFE857827FEEF4B00461FE6 /* CarDatasourceable.swift */; };
		EBFE857B27FEF24C00461FE6 /* CarErrorable.swift in Sources */ = {isa = PBXBuildFile; fileRef = EBFE857A27FEF24C00461FE6 /* CarErrorable.swift */; };
		EBFE857D27FEF59800461FE6 /* CarListViewController.swift in Sources */ = {isa = PBXBuildFile; fileRef = EBFE857C27FEF59800461FE6 /* CarListViewController.swift */; };
		EBFE858027FEF87D00461FE6 /* CarCell.swift in Sources */ = {isa = PBXBuildFile; fileRef = EBFE857F27FEF87D00461FE6 /* CarCell.swift */; };
/* End PBXBuildFile section */

/* Begin PBXContainerItemProxy section */
		EBFE852427FED62C00461FE6 /* PBXContainerItemProxy */ = {
			isa = PBXContainerItemProxy;
			containerPortal = EBFE850527FED62900461FE6 /* Project object */;
			proxyType = 1;
			remoteGlobalIDString = EBFE850C27FED62900461FE6;
			remoteInfo = Sixt;
		};
		EBFE852E27FED62C00461FE6 /* PBXContainerItemProxy */ = {
			isa = PBXContainerItemProxy;
			containerPortal = EBFE850527FED62900461FE6 /* Project object */;
			proxyType = 1;
			remoteGlobalIDString = EBFE850C27FED62900461FE6;
			remoteInfo = Sixt;
		};
/* End PBXContainerItemProxy section */

/* Begin PBXFileReference section */
		21C77CDC9EE4A755457EFA56 /* Pods-Sixt.release.xcconfig */ = {isa = PBXFileReference; includeInIndex = 1; lastKnownFileType = text.xcconfig; name = "Pods-Sixt.release.xcconfig"; path = "Target Support Files/Pods-Sixt/Pods-Sixt.release.xcconfig"; sourceTree = "<group>"; };
		418DD75E90F8FF130C7F4537 /* Pods_Sixt.framework */ = {isa = PBXFileReference; explicitFileType = wrapper.framework; includeInIndex = 0; path = Pods_Sixt.framework; sourceTree = BUILT_PRODUCTS_DIR; };
		55EE91832826442EFC6DBDEF /* Pods_SixtTests.framework */ = {isa = PBXFileReference; explicitFileType = wrapper.framework; includeInIndex = 0; path = Pods_SixtTests.framework; sourceTree = BUILT_PRODUCTS_DIR; };
		784DF296B5102371D537BAA5 /* Pods-Sixt-SixtUITests.debug.xcconfig */ = {isa = PBXFileReference; includeInIndex = 1; lastKnownFileType = text.xcconfig; name = "Pods-Sixt-SixtUITests.debug.xcconfig"; path = "Target Support Files/Pods-Sixt-SixtUITests/Pods-Sixt-SixtUITests.debug.xcconfig"; sourceTree = "<group>"; };
		8137C2893CDB52661D672702 /* Pods_Sixt_SixtUITests.framework */ = {isa = PBXFileReference; explicitFileType = wrapper.framework; includeInIndex = 0; path = Pods_Sixt_SixtUITests.framework; sourceTree = BUILT_PRODUCTS_DIR; };
		897B7D13C68FE7C1ADD41441 /* Pods-Sixt-SixtUITests.release.xcconfig */ = {isa = PBXFileReference; includeInIndex = 1; lastKnownFileType = text.xcconfig; name = "Pods-Sixt-SixtUITests.release.xcconfig"; path = "Target Support Files/Pods-Sixt-SixtUITests/Pods-Sixt-SixtUITests.release.xcconfig"; sourceTree = "<group>"; };
		C2A81ED2BC84C7254511583A /* Pods-SixtTests.debug.xcconfig */ = {isa = PBXFileReference; includeInIndex = 1; lastKnownFileType = text.xcconfig; name = "Pods-SixtTests.debug.xcconfig"; path = "Target Support Files/Pods-SixtTests/Pods-SixtTests.debug.xcconfig"; sourceTree = "<group>"; };
		C7F294B612F03146DF29B647 /* Pods-SixtTests.release.xcconfig */ = {isa = PBXFileReference; includeInIndex = 1; lastKnownFileType = text.xcconfig; name = "Pods-SixtTests.release.xcconfig"; path = "Target Support Files/Pods-SixtTests/Pods-SixtTests.release.xcconfig"; sourceTree = "<group>"; };
		EB30859427FF2C6D006E5553 /* CarListModuleConfigurator.swift */ = {isa = PBXFileReference; lastKnownFileType = sourcecode.swift; path = CarListModuleConfigurator.swift; sourceTree = "<group>"; };
		EB30859727FF3131006E5553 /* CarMapViewController.swift */ = {isa = PBXFileReference; lastKnownFileType = sourcecode.swift; path = CarMapViewController.swift; sourceTree = "<group>"; };
		EB30859927FF314C006E5553 /* CarMapModuleConfigurator.swift */ = {isa = PBXFileReference; lastKnownFileType = sourcecode.swift; path = CarMapModuleConfigurator.swift; sourceTree = "<group>"; };
		EB30859B27FF3327006E5553 /* Car+MKAnnotation.swift */ = {isa = PBXFileReference; lastKnownFileType = sourcecode.swift; path = "Car+MKAnnotation.swift"; sourceTree = "<group>"; };
		EB709EB027FF42D300232374 /* MapHelper.swift */ = {isa = PBXFileReference; lastKnownFileType = sourcecode.swift; path = MapHelper.swift; sourceTree = "<group>"; };
		EBAD86B52801971900D87E0C /* CarDetailsView.swift */ = {isa = PBXFileReference; lastKnownFileType = sourcecode.swift; path = CarDetailsView.swift; sourceTree = "<group>"; };
		EBAD86BA28019CB700D87E0C /* CarDetailsViewController.swift */ = {isa = PBXFileReference; lastKnownFileType = sourcecode.swift; path = CarDetailsViewController.swift; sourceTree = "<group>"; };
		EBAD86BC28019D1000D87E0C /* CarDetailsAnimator.swift */ = {isa = PBXFileReference; lastKnownFileType = sourcecode.swift; path = CarDetailsAnimator.swift; sourceTree = "<group>"; };
		EBAD86BE28019E7500D87E0C /* CarDetailsPresentationAnimator.swift */ = {isa = PBXFileReference; lastKnownFileType = sourcecode.swift; path = CarDetailsPresentationAnimator.swift; sourceTree = "<group>"; };
		EBAD86C028019ED300D87E0C /* CarDetailsDismissalAnimator.swift */ = {isa = PBXFileReference; lastKnownFileType = sourcecode.swift; path = CarDetailsDismissalAnimator.swift; sourceTree = "<group>"; };
		EBCA99FB2802F6C90026303F /* CarDetailsModuleConfigurator.swift */ = {isa = PBXFileReference; lastKnownFileType = sourcecode.swift; path = CarDetailsModuleConfigurator.swift; sourceTree = "<group>"; };
		EBCA99FF280300A90026303F /* Transmission.swift */ = {isa = PBXFileReference; lastKnownFileType = sourcecode.swift; path = Transmission.swift; sourceTree = "<group>"; };
		EBCA9A01280300F00026303F /* FuelType.swift */ = {isa = PBXFileReference; lastKnownFileType = sourcecode.swift; path = FuelType.swift; sourceTree = "<group>"; };
		EBCA9A03280301440026303F /* InnerCleanliness.swift */ = {isa = PBXFileReference; lastKnownFileType = sourcecode.swift; path = InnerCleanliness.swift; sourceTree = "<group>"; };
		EBCA9A05280301A50026303F /* CarColor.swift */ = {isa = PBXFileReference; lastKnownFileType = sourcecode.swift; path = CarColor.swift; sourceTree = "<group>"; };
		EBFE850D27FED62900461FE6 /* Sixt.app */ = {isa = PBXFileReference; explicitFileType = wrapper.application; includeInIndex = 0; path = Sixt.app; sourceTree = BUILT_PRODUCTS_DIR; };
		EBFE851027FED62900461FE6 /* AppDelegate.swift */ = {isa = PBXFileReference; lastKnownFileType = sourcecode.swift; path = AppDelegate.swift; sourceTree = "<group>"; };
		EBFE851727FED62900461FE6 /* Base */ = {isa = PBXFileReference; lastKnownFileType = file.storyboard; name = Base; path = Base.lproj/Main.storyboard; sourceTree = "<group>"; };
		EBFE851927FED62C00461FE6 /* Assets.xcassets */ = {isa = PBXFileReference; lastKnownFileType = folder.assetcatalog; path = Assets.xcassets; sourceTree = "<group>"; };
		EBFE851C27FED62C00461FE6 /* Base */ = {isa = PBXFileReference; lastKnownFileType = file.storyboard; name = Base; path = Base.lproj/LaunchScreen.storyboard; sourceTree = "<group>"; };
		EBFE851E27FED62C00461FE6 /* Info.plist */ = {isa = PBXFileReference; lastKnownFileType = text.plist.xml; path = Info.plist; sourceTree = "<group>"; };
		EBFE852327FED62C00461FE6 /* SixtTests.xctest */ = {isa = PBXFileReference; explicitFileType = wrapper.cfbundle; includeInIndex = 0; path = SixtTests.xctest; sourceTree = BUILT_PRODUCTS_DIR; };
		EBFE852727FED62C00461FE6 /* SixtTests.swift */ = {isa = PBXFileReference; lastKnownFileType = sourcecode.swift; path = SixtTests.swift; sourceTree = "<group>"; };
		EBFE852D27FED62C00461FE6 /* SixtUITests.xctest */ = {isa = PBXFileReference; explicitFileType = wrapper.cfbundle; includeInIndex = 0; path = SixtUITests.xctest; sourceTree = BUILT_PRODUCTS_DIR; };
		EBFE853127FED62C00461FE6 /* SixtUITests.swift */ = {isa = PBXFileReference; lastKnownFileType = sourcecode.swift; path = SixtUITests.swift; sourceTree = "<group>"; };
		EBFE853327FED62C00461FE6 /* SixtUITestsLaunchTests.swift */ = {isa = PBXFileReference; lastKnownFileType = sourcecode.swift; path = SixtUITestsLaunchTests.swift; sourceTree = "<group>"; };
		EBFE854D27FEE40B00461FE6 /* DI.swift */ = {isa = PBXFileReference; fileEncoding = 4; lastKnownFileType = sourcecode.swift; path = DI.swift; sourceTree = "<group>"; };
		EBFE855027FEE58100461FE6 /* Car.swift */ = {isa = PBXFileReference; fileEncoding = 4; lastKnownFileType = sourcecode.swift; path = Car.swift; sourceTree = "<group>"; };
		EBFE855327FEE58100461FE6 /* NetworkService.swift */ = {isa = PBXFileReference; fileEncoding = 4; lastKnownFileType = sourcecode.swift; path = NetworkService.swift; sourceTree = "<group>"; };
		EBFE855827FEE58100461FE6 /* ErrorMessageService.swift */ = {isa = PBXFileReference; fileEncoding = 4; lastKnownFileType = sourcecode.swift; path = ErrorMessageService.swift; sourceTree = "<group>"; };
		EBFE855A27FEE58100461FE6 /* AppCoordinator.swift */ = {isa = PBXFileReference; fileEncoding = 4; lastKnownFileType = sourcecode.swift; path = AppCoordinator.swift; sourceTree = "<group>"; };
		EBFE855D27FEE58100461FE6 /* ImageLoaderService.swift */ = {isa = PBXFileReference; fileEncoding = 4; lastKnownFileType = sourcecode.swift; path = ImageLoaderService.swift; sourceTree = "<group>"; };
		EBFE855E27FEE58100461FE6 /* UIView+SnapKit.swift */ = {isa = PBXFileReference; fileEncoding = 4; lastKnownFileType = sourcecode.swift; path = "UIView+SnapKit.swift"; sourceTree = "<group>"; };
		EBFE855F27FEE58100461FE6 /* EmptyListView.swift */ = {isa = PBXFileReference; fileEncoding = 4; lastKnownFileType = sourcecode.swift; path = EmptyListView.swift; sourceTree = "<group>"; };
		EBFE856827FEE66200461FE6 /* CarNetwork.swift */ = {isa = PBXFileReference; lastKnownFileType = sourcecode.swift; path = CarNetwork.swift; sourceTree = "<group>"; };
		EBFE856A27FEE6FE00461FE6 /* CarListable.swift */ = {isa = PBXFileReference; lastKnownFileType = sourcecode.swift; path = CarListable.swift; sourceTree = "<group>"; };
		EBFE856C27FEE73200461FE6 /* CarNetworkError.swift */ = {isa = PBXFileReference; lastKnownFileType = sourcecode.swift; path = CarNetworkError.swift; sourceTree = "<group>"; };
		EBFE856E27FEE7EE00461FE6 /* CarMapper.swift */ = {isa = PBXFileReference; lastKnownFileType = sourcecode.swift; path = CarMapper.swift; sourceTree = "<group>"; };
		EBFE857227FEE91600461FE6 /* CarSelectModuleConfigurator.swift */ = {isa = PBXFileReference; lastKnownFileType = sourcecode.swift; path = CarSelectModuleConfigurator.swift; sourceTree = "<group>"; };
		EBFE857427FEE94400461FE6 /* CarSelectViewController.swift */ = {isa = PBXFileReference; lastKnownFileType = sourcecode.swift; path = CarSelectViewController.swift; sourceTree = "<group>"; };
		EBFE857627FEEEE200461FE6 /* CarRepository.swift */ = {isa = PBXFileReference; lastKnownFileType = sourcecode.swift; path = CarRepository.swift; sourceTree = "<group>"; };
		EBFE857827FEEF4B00461FE6 /* CarDatasourceable.swift */ = {isa = PBXFileReference; lastKnownFileType = sourcecode.swift; path = CarDatasourceable.swift; sourceTree = "<group>"; };
		EBFE857A27FEF24C00461FE6 /* CarErrorable.swift */ = {isa = PBXFileReference; lastKnownFileType = sourcecode.swift; path = CarErrorable.swift; sourceTree = "<group>"; };
		EBFE857C27FEF59800461FE6 /* CarListViewController.swift */ = {isa = PBXFileReference; lastKnownFileType = sourcecode.swift; path = CarListViewController.swift; sourceTree = "<group>"; };
		EBFE857F27FEF87D00461FE6 /* CarCell.swift */ = {isa = PBXFileReference; lastKnownFileType = sourcecode.swift; path = CarCell.swift; sourceTree = "<group>"; };
		F3D3F1522D8A787019D65E99 /* Pods-Sixt.debug.xcconfig */ = {isa = PBXFileReference; includeInIndex = 1; lastKnownFileType = text.xcconfig; name = "Pods-Sixt.debug.xcconfig"; path = "Target Support Files/Pods-Sixt/Pods-Sixt.debug.xcconfig"; sourceTree = "<group>"; };
/* End PBXFileReference section */

/* Begin PBXFrameworksBuildPhase section */
		EBFE850A27FED62900461FE6 /* Frameworks */ = {
			isa = PBXFrameworksBuildPhase;
			buildActionMask = 2147483647;
			files = (
				4DC99DF53690D2B527177F0C /* Pods_Sixt.framework in Frameworks */,
			);
			runOnlyForDeploymentPostprocessing = 0;
		};
		EBFE852027FED62C00461FE6 /* Frameworks */ = {
			isa = PBXFrameworksBuildPhase;
			buildActionMask = 2147483647;
			files = (
				8E1CCE54B4A94AD045E0D29F /* Pods_SixtTests.framework in Frameworks */,
			);
			runOnlyForDeploymentPostprocessing = 0;
		};
		EBFE852A27FED62C00461FE6 /* Frameworks */ = {
			isa = PBXFrameworksBuildPhase;
			buildActionMask = 2147483647;
			files = (
				B709DF68ABF3B0DEC2FED9A1 /* Pods_Sixt_SixtUITests.framework in Frameworks */,
			);
			runOnlyForDeploymentPostprocessing = 0;
		};
/* End PBXFrameworksBuildPhase section */

/* Begin PBXGroup section */
		68CBE0D86AE97C31688EB5AC /* Pods */ = {
			isa = PBXGroup;
			children = (
				F3D3F1522D8A787019D65E99 /* Pods-Sixt.debug.xcconfig */,
				21C77CDC9EE4A755457EFA56 /* Pods-Sixt.release.xcconfig */,
				784DF296B5102371D537BAA5 /* Pods-Sixt-SixtUITests.debug.xcconfig */,
				897B7D13C68FE7C1ADD41441 /* Pods-Sixt-SixtUITests.release.xcconfig */,
				C2A81ED2BC84C7254511583A /* Pods-SixtTests.debug.xcconfig */,
				C7F294B612F03146DF29B647 /* Pods-SixtTests.release.xcconfig */,
			);
			path = Pods;
			sourceTree = "<group>";
		};
		9A6661575CB32817D7C89671 /* Frameworks */ = {
			isa = PBXGroup;
			children = (
				418DD75E90F8FF130C7F4537 /* Pods_Sixt.framework */,
				8137C2893CDB52661D672702 /* Pods_Sixt_SixtUITests.framework */,
				55EE91832826442EFC6DBDEF /* Pods_SixtTests.framework */,
			);
			name = Frameworks;
			sourceTree = "<group>";
		};
		EB30859627FF3115006E5553 /* View */ = {
			isa = PBXGroup;
			children = (
				EB30859727FF3131006E5553 /* CarMapViewController.swift */,
			);
			path = View;
			sourceTree = "<group>";
		};
		EB709EAF27FF42BA00232374 /* Map */ = {
			isa = PBXGroup;
			children = (
				EB709EB027FF42D300232374 /* MapHelper.swift */,
			);
			path = Map;
			sourceTree = "<group>";
		};
		EBAD86C22801A27A00D87E0C /* CarDetails */ = {
			isa = PBXGroup;
			children = (
				EBAD86C32801A28300D87E0C /* View */,
				EBCA99FB2802F6C90026303F /* CarDetailsModuleConfigurator.swift */,
			);
			path = CarDetails;
			sourceTree = "<group>";
		};
		EBAD86C32801A28300D87E0C /* View */ = {
			isa = PBXGroup;
			children = (
				EBAD86B52801971900D87E0C /* CarDetailsView.swift */,
				EBAD86BA28019CB700D87E0C /* CarDetailsViewController.swift */,
				EBAD86BC28019D1000D87E0C /* CarDetailsAnimator.swift */,
				EBAD86BE28019E7500D87E0C /* CarDetailsPresentationAnimator.swift */,
				EBAD86C028019ED300D87E0C /* CarDetailsDismissalAnimator.swift */,
			);
			path = View;
			sourceTree = "<group>";
		};
		EBFE850427FED62900461FE6 = {
			isa = PBXGroup;
			children = (
				EBFE850F27FED62900461FE6 /* Sixt */,
				EBFE852627FED62C00461FE6 /* SixtTests */,
				EBFE853027FED62C00461FE6 /* SixtUITests */,
				EBFE850E27FED62900461FE6 /* Products */,
				68CBE0D86AE97C31688EB5AC /* Pods */,
				9A6661575CB32817D7C89671 /* Frameworks */,
			);
			sourceTree = "<group>";
		};
		EBFE850E27FED62900461FE6 /* Products */ = {
			isa = PBXGroup;
			children = (
				EBFE850D27FED62900461FE6 /* Sixt.app */,
				EBFE852327FED62C00461FE6 /* SixtTests.xctest */,
				EBFE852D27FED62C00461FE6 /* SixtUITests.xctest */,
			);
			name = Products;
			sourceTree = "<group>";
		};
		EBFE850F27FED62900461FE6 /* Sixt */ = {
			isa = PBXGroup;
			children = (
				EBFE855927FEE58100461FE6 /* Coordinator */,
				EBFE854F27FEE58100461FE6 /* Domain */,
				EBFE855427FEE58100461FE6 /* Modules */,
				EBFE855127FEE58100461FE6 /* Network */,
				EBFE855B27FEE58100461FE6 /* Repository */,
				EBFE855C27FEE58100461FE6 /* UI */,
				EBFE854D27FEE40B00461FE6 /* DI.swift */,
				EBFE851027FED62900461FE6 /* AppDelegate.swift */,
				EBFE851627FED62900461FE6 /* Main.storyboard */,
				EBFE851927FED62C00461FE6 /* Assets.xcassets */,
				EBFE851B27FED62C00461FE6 /* LaunchScreen.storyboard */,
				EBFE851E27FED62C00461FE6 /* Info.plist */,
			);
			path = Sixt;
			sourceTree = "<group>";
		};
		EBFE852627FED62C00461FE6 /* SixtTests */ = {
			isa = PBXGroup;
			children = (
				EBFE852727FED62C00461FE6 /* SixtTests.swift */,
			);
			path = SixtTests;
			sourceTree = "<group>";
		};
		EBFE853027FED62C00461FE6 /* SixtUITests */ = {
			isa = PBXGroup;
			children = (
				EBFE853127FED62C00461FE6 /* SixtUITests.swift */,
				EBFE853327FED62C00461FE6 /* SixtUITestsLaunchTests.swift */,
			);
			path = SixtUITests;
			sourceTree = "<group>";
		};
		EBFE854F27FEE58100461FE6 /* Domain */ = {
			isa = PBXGroup;
			children = (
				EBFE855027FEE58100461FE6 /* Car.swift */,
				EB30859B27FF3327006E5553 /* Car+MKAnnotation.swift */,
				EBCA99FF280300A90026303F /* Transmission.swift */,
				EBCA9A01280300F00026303F /* FuelType.swift */,
				EBCA9A03280301440026303F /* InnerCleanliness.swift */,
				EBCA9A05280301A50026303F /* CarColor.swift */,
			);
			path = Domain;
			sourceTree = "<group>";
		};
		EBFE855127FEE58100461FE6 /* Network */ = {
			isa = PBXGroup;
			children = (
				EBFE855227FEE58100461FE6 /* NetworkService */,
			);
			path = Network;
			sourceTree = "<group>";
		};
		EBFE855227FEE58100461FE6 /* NetworkService */ = {
			isa = PBXGroup;
			children = (
				EBFE855327FEE58100461FE6 /* NetworkService.swift */,
			);
			path = NetworkService;
			sourceTree = "<group>";
		};
		EBFE855427FEE58100461FE6 /* Modules */ = {
			isa = PBXGroup;
			children = (
				EBAD86C22801A27A00D87E0C /* CarDetails */,
				EBFE857027FEE8F700461FE6 /* CarSelect */,
				EBFE855527FEE58100461FE6 /* CarList */,
				EBFE855627FEE58100461FE6 /* CarMap */,
				EBFE855727FEE58100461FE6 /* Error */,
			);
			path = Modules;
			sourceTree = "<group>";
		};
		EBFE855527FEE58100461FE6 /* CarList */ = {
			isa = PBXGroup;
			children = (
				EBFE857E27FEF86800461FE6 /* View */,
				EB30859427FF2C6D006E5553 /* CarListModuleConfigurator.swift */,
			);
			path = CarList;
			sourceTree = "<group>";
		};
		EBFE855627FEE58100461FE6 /* CarMap */ = {
			isa = PBXGroup;
			children = (
				EB709EAF27FF42BA00232374 /* Map */,
				EB30859627FF3115006E5553 /* View */,
				EB30859927FF314C006E5553 /* CarMapModuleConfigurator.swift */,
			);
			path = CarMap;
			sourceTree = "<group>";
		};
		EBFE855727FEE58100461FE6 /* Error */ = {
			isa = PBXGroup;
			children = (
				EBFE855827FEE58100461FE6 /* ErrorMessageService.swift */,
			);
			path = Error;
			sourceTree = "<group>";
		};
		EBFE855927FEE58100461FE6 /* Coordinator */ = {
			isa = PBXGroup;
			children = (
				EBFE855A27FEE58100461FE6 /* AppCoordinator.swift */,
			);
			path = Coordinator;
			sourceTree = "<group>";
		};
		EBFE855B27FEE58100461FE6 /* Repository */ = {
			isa = PBXGroup;
			children = (
				EBFE856A27FEE6FE00461FE6 /* CarListable.swift */,
				EBFE857627FEEEE200461FE6 /* CarRepository.swift */,
				EBFE857827FEEF4B00461FE6 /* CarDatasourceable.swift */,
			);
			path = Repository;
			sourceTree = "<group>";
		};
		EBFE855C27FEE58100461FE6 /* UI */ = {
			isa = PBXGroup;
			children = (
				EBFE855D27FEE58100461FE6 /* ImageLoaderService.swift */,
				EBFE855E27FEE58100461FE6 /* UIView+SnapKit.swift */,
				EBFE855F27FEE58100461FE6 /* EmptyListView.swift */,
			);
			path = UI;
			sourceTree = "<group>";
		};
		EBFE856727FEE63F00461FE6 /* Network */ = {
			isa = PBXGroup;
			children = (
				EBFE856827FEE66200461FE6 /* CarNetwork.swift */,
				EBFE856C27FEE73200461FE6 /* CarNetworkError.swift */,
				EBFE856E27FEE7EE00461FE6 /* CarMapper.swift */,
				EBFE857A27FEF24C00461FE6 /* CarErrorable.swift */,
			);
			path = Network;
			sourceTree = "<group>";
		};
		EBFE857027FEE8F700461FE6 /* CarSelect */ = {
			isa = PBXGroup;
			children = (
				EBFE857127FEE90900461FE6 /* View */,
				EBFE856727FEE63F00461FE6 /* Network */,
				EBFE857227FEE91600461FE6 /* CarSelectModuleConfigurator.swift */,
			);
			path = CarSelect;
			sourceTree = "<group>";
		};
		EBFE857127FEE90900461FE6 /* View */ = {
			isa = PBXGroup;
			children = (
				EBFE857427FEE94400461FE6 /* CarSelectViewController.swift */,
			);
			path = View;
			sourceTree = "<group>";
		};
		EBFE857E27FEF86800461FE6 /* View */ = {
			isa = PBXGroup;
			children = (
				EBFE857C27FEF59800461FE6 /* CarListViewController.swift */,
				EBFE857F27FEF87D00461FE6 /* CarCell.swift */,
			);
			path = View;
			sourceTree = "<group>";
		};
/* End PBXGroup section */

/* Begin PBXNativeTarget section */
		EBFE850C27FED62900461FE6 /* Sixt */ = {
			isa = PBXNativeTarget;
			buildConfigurationList = EBFE853727FED62C00461FE6 /* Build configuration list for PBXNativeTarget "Sixt" */;
			buildPhases = (
				B63E0CD0BC6015325F03ECE5 /* [CP] Check Pods Manifest.lock */,
				EBFE850927FED62900461FE6 /* Sources */,
				EBFE850A27FED62900461FE6 /* Frameworks */,
				EBFE850B27FED62900461FE6 /* Resources */,
				37F76C14E11B85C455E400BA /* [CP] Embed Pods Frameworks */,
			);
			buildRules = (
			);
			dependencies = (
			);
			name = Sixt;
			productName = Sixt;
			productReference = EBFE850D27FED62900461FE6 /* Sixt.app */;
			productType = "com.apple.product-type.application";
		};
		EBFE852227FED62C00461FE6 /* SixtTests */ = {
			isa = PBXNativeTarget;
			buildConfigurationList = EBFE853A27FED62C00461FE6 /* Build configuration list for PBXNativeTarget "SixtTests" */;
			buildPhases = (
				E1DB360EE33A2B5E61AFFAE2 /* [CP] Check Pods Manifest.lock */,
				EBFE851F27FED62C00461FE6 /* Sources */,
				EBFE852027FED62C00461FE6 /* Frameworks */,
				EBFE852127FED62C00461FE6 /* Resources */,
			);
			buildRules = (
			);
			dependencies = (
				EBFE852527FED62C00461FE6 /* PBXTargetDependency */,
			);
			name = SixtTests;
			productName = SixtTests;
			productReference = EBFE852327FED62C00461FE6 /* SixtTests.xctest */;
			productType = "com.apple.product-type.bundle.unit-test";
		};
		EBFE852C27FED62C00461FE6 /* SixtUITests */ = {
			isa = PBXNativeTarget;
			buildConfigurationList = EBFE853D27FED62C00461FE6 /* Build configuration list for PBXNativeTarget "SixtUITests" */;
			buildPhases = (
				FF45EB958D8C9CF02D93655D /* [CP] Check Pods Manifest.lock */,
				EBFE852927FED62C00461FE6 /* Sources */,
				EBFE852A27FED62C00461FE6 /* Frameworks */,
				EBFE852B27FED62C00461FE6 /* Resources */,
				25FDD5F796EE9F8EE07334ED /* [CP] Embed Pods Frameworks */,
			);
			buildRules = (
			);
			dependencies = (
				EBFE852F27FED62C00461FE6 /* PBXTargetDependency */,
			);
			name = SixtUITests;
			productName = SixtUITests;
			productReference = EBFE852D27FED62C00461FE6 /* SixtUITests.xctest */;
			productType = "com.apple.product-type.bundle.ui-testing";
		};
/* End PBXNativeTarget section */

/* Begin PBXProject section */
		EBFE850527FED62900461FE6 /* Project object */ = {
			isa = PBXProject;
			attributes = {
				BuildIndependentTargetsInParallel = 1;
				LastSwiftUpdateCheck = 1320;
				LastUpgradeCheck = 1320;
				TargetAttributes = {
					EBFE850C27FED62900461FE6 = {
						CreatedOnToolsVersion = 13.2.1;
					};
					EBFE852227FED62C00461FE6 = {
						CreatedOnToolsVersion = 13.2.1;
						TestTargetID = EBFE850C27FED62900461FE6;
					};
					EBFE852C27FED62C00461FE6 = {
						CreatedOnToolsVersion = 13.2.1;
						TestTargetID = EBFE850C27FED62900461FE6;
					};
				};
			};
			buildConfigurationList = EBFE850827FED62900461FE6 /* Build configuration list for PBXProject "Sixt" */;
			compatibilityVersion = "Xcode 13.0";
			developmentRegion = en;
			hasScannedForEncodings = 0;
			knownRegions = (
				en,
				Base,
			);
			mainGroup = EBFE850427FED62900461FE6;
			productRefGroup = EBFE850E27FED62900461FE6 /* Products */;
			projectDirPath = "";
			projectRoot = "";
			targets = (
				EBFE850C27FED62900461FE6 /* Sixt */,
				EBFE852227FED62C00461FE6 /* SixtTests */,
				EBFE852C27FED62C00461FE6 /* SixtUITests */,
			);
		};
/* End PBXProject section */

/* Begin PBXResourcesBuildPhase section */
		EBFE850B27FED62900461FE6 /* Resources */ = {
			isa = PBXResourcesBuildPhase;
			buildActionMask = 2147483647;
			files = (
				EBFE851D27FED62C00461FE6 /* LaunchScreen.storyboard in Resources */,
				EBFE851A27FED62C00461FE6 /* Assets.xcassets in Resources */,
				EBFE851827FED62900461FE6 /* Main.storyboard in Resources */,
			);
			runOnlyForDeploymentPostprocessing = 0;
		};
		EBFE852127FED62C00461FE6 /* Resources */ = {
			isa = PBXResourcesBuildPhase;
			buildActionMask = 2147483647;
			files = (
			);
			runOnlyForDeploymentPostprocessing = 0;
		};
		EBFE852B27FED62C00461FE6 /* Resources */ = {
			isa = PBXResourcesBuildPhase;
			buildActionMask = 2147483647;
			files = (
			);
			runOnlyForDeploymentPostprocessing = 0;
		};
/* End PBXResourcesBuildPhase section */

/* Begin PBXShellScriptBuildPhase section */
		25FDD5F796EE9F8EE07334ED /* [CP] Embed Pods Frameworks */ = {
			isa = PBXShellScriptBuildPhase;
			buildActionMask = 2147483647;
			files = (
			);
			inputFileListPaths = (
				"${PODS_ROOT}/Target Support Files/Pods-Sixt-SixtUITests/Pods-Sixt-SixtUITests-frameworks-${CONFIGURATION}-input-files.xcfilelist",
			);
			name = "[CP] Embed Pods Frameworks";
			outputFileListPaths = (
				"${PODS_ROOT}/Target Support Files/Pods-Sixt-SixtUITests/Pods-Sixt-SixtUITests-frameworks-${CONFIGURATION}-output-files.xcfilelist",
			);
			runOnlyForDeploymentPostprocessing = 0;
			shellPath = /bin/sh;
			shellScript = "\"${PODS_ROOT}/Target Support Files/Pods-Sixt-SixtUITests/Pods-Sixt-SixtUITests-frameworks.sh\"\n";
			showEnvVarsInLog = 0;
		};
		37F76C14E11B85C455E400BA /* [CP] Embed Pods Frameworks */ = {
			isa = PBXShellScriptBuildPhase;
			buildActionMask = 2147483647;
			files = (
			);
			inputFileListPaths = (
				"${PODS_ROOT}/Target Support Files/Pods-Sixt/Pods-Sixt-frameworks-${CONFIGURATION}-input-files.xcfilelist",
			);
			name = "[CP] Embed Pods Frameworks";
			outputFileListPaths = (
				"${PODS_ROOT}/Target Support Files/Pods-Sixt/Pods-Sixt-frameworks-${CONFIGURATION}-output-files.xcfilelist",
			);
			runOnlyForDeploymentPostprocessing = 0;
			shellPath = /bin/sh;
			shellScript = "\"${PODS_ROOT}/Target Support Files/Pods-Sixt/Pods-Sixt-frameworks.sh\"\n";
			showEnvVarsInLog = 0;
		};
		B63E0CD0BC6015325F03ECE5 /* [CP] Check Pods Manifest.lock */ = {
			isa = PBXShellScriptBuildPhase;
			buildActionMask = 2147483647;
			files = (
			);
			inputFileListPaths = (
			);
			inputPaths = (
				"${PODS_PODFILE_DIR_PATH}/Podfile.lock",
				"${PODS_ROOT}/Manifest.lock",
			);
			name = "[CP] Check Pods Manifest.lock";
			outputFileListPaths = (
			);
			outputPaths = (
				"$(DERIVED_FILE_DIR)/Pods-Sixt-checkManifestLockResult.txt",
			);
			runOnlyForDeploymentPostprocessing = 0;
			shellPath = /bin/sh;
			shellScript = "diff \"${PODS_PODFILE_DIR_PATH}/Podfile.lock\" \"${PODS_ROOT}/Manifest.lock\" > /dev/null\nif [ $? != 0 ] ; then\n    # print error to STDERR\n    echo \"error: The sandbox is not in sync with the Podfile.lock. Run 'pod install' or update your CocoaPods installation.\" >&2\n    exit 1\nfi\n# This output is used by Xcode 'outputs' to avoid re-running this script phase.\necho \"SUCCESS\" > \"${SCRIPT_OUTPUT_FILE_0}\"\n";
			showEnvVarsInLog = 0;
		};
		E1DB360EE33A2B5E61AFFAE2 /* [CP] Check Pods Manifest.lock */ = {
			isa = PBXShellScriptBuildPhase;
			buildActionMask = 2147483647;
			files = (
			);
			inputFileListPaths = (
			);
			inputPaths = (
				"${PODS_PODFILE_DIR_PATH}/Podfile.lock",
				"${PODS_ROOT}/Manifest.lock",
			);
			name = "[CP] Check Pods Manifest.lock";
			outputFileListPaths = (
			);
			outputPaths = (
				"$(DERIVED_FILE_DIR)/Pods-SixtTests-checkManifestLockResult.txt",
			);
			runOnlyForDeploymentPostprocessing = 0;
			shellPath = /bin/sh;
			shellScript = "diff \"${PODS_PODFILE_DIR_PATH}/Podfile.lock\" \"${PODS_ROOT}/Manifest.lock\" > /dev/null\nif [ $? != 0 ] ; then\n    # print error to STDERR\n    echo \"error: The sandbox is not in sync with the Podfile.lock. Run 'pod install' or update your CocoaPods installation.\" >&2\n    exit 1\nfi\n# This output is used by Xcode 'outputs' to avoid re-running this script phase.\necho \"SUCCESS\" > \"${SCRIPT_OUTPUT_FILE_0}\"\n";
			showEnvVarsInLog = 0;
		};
		FF45EB958D8C9CF02D93655D /* [CP] Check Pods Manifest.lock */ = {
			isa = PBXShellScriptBuildPhase;
			buildActionMask = 2147483647;
			files = (
			);
			inputFileListPaths = (
			);
			inputPaths = (
				"${PODS_PODFILE_DIR_PATH}/Podfile.lock",
				"${PODS_ROOT}/Manifest.lock",
			);
			name = "[CP] Check Pods Manifest.lock";
			outputFileListPaths = (
			);
			outputPaths = (
				"$(DERIVED_FILE_DIR)/Pods-Sixt-SixtUITests-checkManifestLockResult.txt",
			);
			runOnlyForDeploymentPostprocessing = 0;
			shellPath = /bin/sh;
			shellScript = "diff \"${PODS_PODFILE_DIR_PATH}/Podfile.lock\" \"${PODS_ROOT}/Manifest.lock\" > /dev/null\nif [ $? != 0 ] ; then\n    # print error to STDERR\n    echo \"error: The sandbox is not in sync with the Podfile.lock. Run 'pod install' or update your CocoaPods installation.\" >&2\n    exit 1\nfi\n# This output is used by Xcode 'outputs' to avoid re-running this script phase.\necho \"SUCCESS\" > \"${SCRIPT_OUTPUT_FILE_0}\"\n";
			showEnvVarsInLog = 0;
		};
/* End PBXShellScriptBuildPhase section */

/* Begin PBXSourcesBuildPhase section */
		EBFE850927FED62900461FE6 /* Sources */ = {
			isa = PBXSourcesBuildPhase;
			buildActionMask = 2147483647;
			files = (
				EBAD86C128019ED300D87E0C /* CarDetailsDismissalAnimator.swift in Sources */,
				EBAD86B62801971900D87E0C /* CarDetailsView.swift in Sources */,
				EBFE856F27FEE7EE00461FE6 /* CarMapper.swift in Sources */,
				EBFE856427FEE58100461FE6 /* ImageLoaderService.swift in Sources */,
				EBCA9A06280301A50026303F /* CarColor.swift in Sources */,
				EBFE856327FEE58100461FE6 /* AppCoordinator.swift in Sources */,
				EBFE854E27FEE40B00461FE6 /* DI.swift in Sources */,
				EBCA9A04280301440026303F /* InnerCleanliness.swift in Sources */,
				EBFE857727FEEEE200461FE6 /* CarRepository.swift in Sources */,
				EBFE851127FED62900461FE6 /* AppDelegate.swift in Sources */,
				EB709EB127FF42D300232374 /* MapHelper.swift in Sources */,
				EB30859827FF3131006E5553 /* CarMapViewController.swift in Sources */,
				EBFE856B27FEE6FE00461FE6 /* CarListable.swift in Sources */,
				EBAD86BD28019D1000D87E0C /* CarDetailsAnimator.swift in Sources */,
				EBFE856127FEE58100461FE6 /* NetworkService.swift in Sources */,
				EBAD86BB28019CB700D87E0C /* CarDetailsViewController.swift in Sources */,
				EBFE856527FEE58100461FE6 /* UIView+SnapKit.swift in Sources */,
				EBFE857527FEE94400461FE6 /* CarSelectViewController.swift in Sources */,
				EBFE856D27FEE73200461FE6 /* CarNetworkError.swift in Sources */,
				EBFE857927FEEF4B00461FE6 /* CarDatasourceable.swift in Sources */,
				EB30859A27FF314C006E5553 /* CarMapModuleConfigurator.swift in Sources */,
				EBCA99FC2802F6C90026303F /* CarDetailsModuleConfigurator.swift in Sources */,
				EBFE856227FEE58100461FE6 /* ErrorMessageService.swift in Sources */,
				EBFE856027FEE58100461FE6 /* Car.swift in Sources */,
				EBFE857327FEE91600461FE6 /* CarSelectModuleConfigurator.swift in Sources */,
				EBCA9A00280300A90026303F /* Transmission.swift in Sources */,
				EBFE857B27FEF24C00461FE6 /* CarErrorable.swift in Sources */,
				EB30859527FF2C6D006E5553 /* CarListModuleConfigurator.swift in Sources */,
				EBFE856627FEE58100461FE6 /* EmptyListView.swift in Sources */,
				EBFE857D27FEF59800461FE6 /* CarListViewController.swift in Sources */,
				EB30859C27FF3327006E5553 /* Car+MKAnnotation.swift in Sources */,
				EBCA9A02280300F00026303F /* FuelType.swift in Sources */,
				EBFE858027FEF87D00461FE6 /* CarCell.swift in Sources */,
				EBAD86BF28019E7500D87E0C /* CarDetailsPresentationAnimator.swift in Sources */,
				EBFE856927FEE66200461FE6 /* CarNetwork.swift in Sources */,
			);
			runOnlyForDeploymentPostprocessing = 0;
		};
		EBFE851F27FED62C00461FE6 /* Sources */ = {
			isa = PBXSourcesBuildPhase;
			buildActionMask = 2147483647;
			files = (
				EBFE852827FED62C00461FE6 /* SixtTests.swift in Sources */,
			);
			runOnlyForDeploymentPostprocessing = 0;
		};
		EBFE852927FED62C00461FE6 /* Sources */ = {
			isa = PBXSourcesBuildPhase;
			buildActionMask = 2147483647;
			files = (
				EBFE853427FED62C00461FE6 /* SixtUITestsLaunchTests.swift in Sources */,
				EBFE853227FED62C00461FE6 /* SixtUITests.swift in Sources */,
			);
			runOnlyForDeploymentPostprocessing = 0;
		};
/* End PBXSourcesBuildPhase section */

/* Begin PBXTargetDependency section */
		EBFE852527FED62C00461FE6 /* PBXTargetDependency */ = {
			isa = PBXTargetDependency;
			target = EBFE850C27FED62900461FE6 /* Sixt */;
			targetProxy = EBFE852427FED62C00461FE6 /* PBXContainerItemProxy */;
		};
		EBFE852F27FED62C00461FE6 /* PBXTargetDependency */ = {
			isa = PBXTargetDependency;
			target = EBFE850C27FED62900461FE6 /* Sixt */;
			targetProxy = EBFE852E27FED62C00461FE6 /* PBXContainerItemProxy */;
		};
/* End PBXTargetDependency section */

/* Begin PBXVariantGroup section */
		EBFE851627FED62900461FE6 /* Main.storyboard */ = {
			isa = PBXVariantGroup;
			children = (
				EBFE851727FED62900461FE6 /* Base */,
			);
			name = Main.storyboard;
			sourceTree = "<group>";
		};
		EBFE851B27FED62C00461FE6 /* LaunchScreen.storyboard */ = {
			isa = PBXVariantGroup;
			children = (
				EBFE851C27FED62C00461FE6 /* Base */,
			);
			name = LaunchScreen.storyboard;
			sourceTree = "<group>";
		};
/* End PBXVariantGroup section */

/* Begin XCBuildConfiguration section */
		EBFE853527FED62C00461FE6 /* Debug */ = {
			isa = XCBuildConfiguration;
			buildSettings = {
				ALWAYS_SEARCH_USER_PATHS = NO;
				CLANG_ANALYZER_NONNULL = YES;
				CLANG_ANALYZER_NUMBER_OBJECT_CONVERSION = YES_AGGRESSIVE;
				CLANG_CXX_LANGUAGE_STANDARD = "gnu++17";
				CLANG_CXX_LIBRARY = "libc++";
				CLANG_ENABLE_MODULES = YES;
				CLANG_ENABLE_OBJC_ARC = YES;
				CLANG_ENABLE_OBJC_WEAK = YES;
				CLANG_WARN_BLOCK_CAPTURE_AUTORELEASING = YES;
				CLANG_WARN_BOOL_CONVERSION = YES;
				CLANG_WARN_COMMA = YES;
				CLANG_WARN_CONSTANT_CONVERSION = YES;
				CLANG_WARN_DEPRECATED_OBJC_IMPLEMENTATIONS = YES;
				CLANG_WARN_DIRECT_OBJC_ISA_USAGE = YES_ERROR;
				CLANG_WARN_DOCUMENTATION_COMMENTS = YES;
				CLANG_WARN_EMPTY_BODY = YES;
				CLANG_WARN_ENUM_CONVERSION = YES;
				CLANG_WARN_INFINITE_RECURSION = YES;
				CLANG_WARN_INT_CONVERSION = YES;
				CLANG_WARN_NON_LITERAL_NULL_CONVERSION = YES;
				CLANG_WARN_OBJC_IMPLICIT_RETAIN_SELF = YES;
				CLANG_WARN_OBJC_LITERAL_CONVERSION = YES;
				CLANG_WARN_OBJC_ROOT_CLASS = YES_ERROR;
				CLANG_WARN_QUOTED_INCLUDE_IN_FRAMEWORK_HEADER = YES;
				CLANG_WARN_RANGE_LOOP_ANALYSIS = YES;
				CLANG_WARN_STRICT_PROTOTYPES = YES;
				CLANG_WARN_SUSPICIOUS_MOVE = YES;
				CLANG_WARN_UNGUARDED_AVAILABILITY = YES_AGGRESSIVE;
				CLANG_WARN_UNREACHABLE_CODE = YES;
				CLANG_WARN__DUPLICATE_METHOD_MATCH = YES;
				COPY_PHASE_STRIP = NO;
				DEBUG_INFORMATION_FORMAT = dwarf;
				ENABLE_STRICT_OBJC_MSGSEND = YES;
				ENABLE_TESTABILITY = YES;
				GCC_C_LANGUAGE_STANDARD = gnu11;
				GCC_DYNAMIC_NO_PIC = NO;
				GCC_NO_COMMON_BLOCKS = YES;
				GCC_OPTIMIZATION_LEVEL = 0;
				GCC_PREPROCESSOR_DEFINITIONS = (
					"DEBUG=1",
					"$(inherited)",
				);
				GCC_WARN_64_TO_32_BIT_CONVERSION = YES;
				GCC_WARN_ABOUT_RETURN_TYPE = YES_ERROR;
				GCC_WARN_UNDECLARED_SELECTOR = YES;
				GCC_WARN_UNINITIALIZED_AUTOS = YES_AGGRESSIVE;
				GCC_WARN_UNUSED_FUNCTION = YES;
				GCC_WARN_UNUSED_VARIABLE = YES;
				IPHONEOS_DEPLOYMENT_TARGET = 10.3;
				MTL_ENABLE_DEBUG_INFO = INCLUDE_SOURCE;
				MTL_FAST_MATH = YES;
				ONLY_ACTIVE_ARCH = YES;
				SDKROOT = iphoneos;
				SWIFT_ACTIVE_COMPILATION_CONDITIONS = DEBUG;
				SWIFT_OPTIMIZATION_LEVEL = "-Onone";
			};
			name = Debug;
		};
		EBFE853627FED62C00461FE6 /* Release */ = {
			isa = XCBuildConfiguration;
			buildSettings = {
				ALWAYS_SEARCH_USER_PATHS = NO;
				CLANG_ANALYZER_NONNULL = YES;
				CLANG_ANALYZER_NUMBER_OBJECT_CONVERSION = YES_AGGRESSIVE;
				CLANG_CXX_LANGUAGE_STANDARD = "gnu++17";
				CLANG_CXX_LIBRARY = "libc++";
				CLANG_ENABLE_MODULES = YES;
				CLANG_ENABLE_OBJC_ARC = YES;
				CLANG_ENABLE_OBJC_WEAK = YES;
				CLANG_WARN_BLOCK_CAPTURE_AUTORELEASING = YES;
				CLANG_WARN_BOOL_CONVERSION = YES;
				CLANG_WARN_COMMA = YES;
				CLANG_WARN_CONSTANT_CONVERSION = YES;
				CLANG_WARN_DEPRECATED_OBJC_IMPLEMENTATIONS = YES;
				CLANG_WARN_DIRECT_OBJC_ISA_USAGE = YES_ERROR;
				CLANG_WARN_DOCUMENTATION_COMMENTS = YES;
				CLANG_WARN_EMPTY_BODY = YES;
				CLANG_WARN_ENUM_CONVERSION = YES;
				CLANG_WARN_INFINITE_RECURSION = YES;
				CLANG_WARN_INT_CONVERSION = YES;
				CLANG_WARN_NON_LITERAL_NULL_CONVERSION = YES;
				CLANG_WARN_OBJC_IMPLICIT_RETAIN_SELF = YES;
				CLANG_WARN_OBJC_LITERAL_CONVERSION = YES;
				CLANG_WARN_OBJC_ROOT_CLASS = YES_ERROR;
				CLANG_WARN_QUOTED_INCLUDE_IN_FRAMEWORK_HEADER = YES;
				CLANG_WARN_RANGE_LOOP_ANALYSIS = YES;
				CLANG_WARN_STRICT_PROTOTYPES = YES;
				CLANG_WARN_SUSPICIOUS_MOVE = YES;
				CLANG_WARN_UNGUARDED_AVAILABILITY = YES_AGGRESSIVE;
				CLANG_WARN_UNREACHABLE_CODE = YES;
				CLANG_WARN__DUPLICATE_METHOD_MATCH = YES;
				COPY_PHASE_STRIP = NO;
				DEBUG_INFORMATION_FORMAT = "dwarf-with-dsym";
				ENABLE_NS_ASSERTIONS = NO;
				ENABLE_STRICT_OBJC_MSGSEND = YES;
				GCC_C_LANGUAGE_STANDARD = gnu11;
				GCC_NO_COMMON_BLOCKS = YES;
				GCC_WARN_64_TO_32_BIT_CONVERSION = YES;
				GCC_WARN_ABOUT_RETURN_TYPE = YES_ERROR;
				GCC_WARN_UNDECLARED_SELECTOR = YES;
				GCC_WARN_UNINITIALIZED_AUTOS = YES_AGGRESSIVE;
				GCC_WARN_UNUSED_FUNCTION = YES;
				GCC_WARN_UNUSED_VARIABLE = YES;
				IPHONEOS_DEPLOYMENT_TARGET = 10.3;
				MTL_ENABLE_DEBUG_INFO = NO;
				MTL_FAST_MATH = YES;
				SDKROOT = iphoneos;
				SWIFT_COMPILATION_MODE = wholemodule;
				SWIFT_OPTIMIZATION_LEVEL = "-O";
				VALIDATE_PRODUCT = YES;
			};
			name = Release;
		};
		EBFE853827FED62C00461FE6 /* Debug */ = {
			isa = XCBuildConfiguration;
			baseConfigurationReference = F3D3F1522D8A787019D65E99 /* Pods-Sixt.debug.xcconfig */;
			buildSettings = {
				ASSETCATALOG_COMPILER_APPICON_NAME = AppIcon;
				ASSETCATALOG_COMPILER_GLOBAL_ACCENT_COLOR_NAME = AccentColor;
				CODE_SIGN_STYLE = Automatic;
				CURRENT_PROJECT_VERSION = 1;
				GENERATE_INFOPLIST_FILE = YES;
				INFOPLIST_FILE = Sixt/Info.plist;
				INFOPLIST_KEY_UIApplicationSupportsIndirectInputEvents = YES;
				INFOPLIST_KEY_UILaunchStoryboardName = LaunchScreen;
				INFOPLIST_KEY_UISupportedInterfaceOrientations = UIInterfaceOrientationPortrait;
				INFOPLIST_KEY_UISupportedInterfaceOrientations_iPad = "UIInterfaceOrientationPortrait UIInterfaceOrientationPortraitUpsideDown UIInterfaceOrientationLandscapeLeft UIInterfaceOrientationLandscapeRight";
				INFOPLIST_KEY_UISupportedInterfaceOrientations_iPhone = "UIInterfaceOrientationPortrait UIInterfaceOrientationLandscapeLeft UIInterfaceOrientationLandscapeRight";
				LD_RUNPATH_SEARCH_PATHS = (
					"$(inherited)",
					"@executable_path/Frameworks",
				);
				MARKETING_VERSION = 1.0;
				PRODUCT_BUNDLE_IDENTIFIER = com.debug.sixttesttask.Sixt;
				PRODUCT_NAME = "$(TARGET_NAME)";
				SWIFT_EMIT_LOC_STRINGS = YES;
				SWIFT_VERSION = 5.0;
				TARGETED_DEVICE_FAMILY = 1;
			};
			name = Debug;
		};
		EBFE853927FED62C00461FE6 /* Release */ = {
			isa = XCBuildConfiguration;
			baseConfigurationReference = 21C77CDC9EE4A755457EFA56 /* Pods-Sixt.release.xcconfig */;
			buildSettings = {
				ASSETCATALOG_COMPILER_APPICON_NAME = AppIcon;
				ASSETCATALOG_COMPILER_GLOBAL_ACCENT_COLOR_NAME = AccentColor;
				CODE_SIGN_STYLE = Automatic;
				CURRENT_PROJECT_VERSION = 1;
				GENERATE_INFOPLIST_FILE = YES;
				INFOPLIST_FILE = Sixt/Info.plist;
				INFOPLIST_KEY_UIApplicationSupportsIndirectInputEvents = YES;
				INFOPLIST_KEY_UILaunchStoryboardName = LaunchScreen;
				INFOPLIST_KEY_UISupportedInterfaceOrientations = UIInterfaceOrientationPortrait;
				INFOPLIST_KEY_UISupportedInterfaceOrientations_iPad = "UIInterfaceOrientationPortrait UIInterfaceOrientationPortraitUpsideDown UIInterfaceOrientationLandscapeLeft UIInterfaceOrientationLandscapeRight";
				INFOPLIST_KEY_UISupportedInterfaceOrientations_iPhone = "UIInterfaceOrientationPortrait UIInterfaceOrientationLandscapeLeft UIInterfaceOrientationLandscapeRight";
				LD_RUNPATH_SEARCH_PATHS = (
					"$(inherited)",
					"@executable_path/Frameworks",
				);
				MARKETING_VERSION = 1.0;
				PRODUCT_BUNDLE_IDENTIFIER = com.debug.sixttesttask.Sixt;
				PRODUCT_NAME = "$(TARGET_NAME)";
				SWIFT_EMIT_LOC_STRINGS = YES;
				SWIFT_VERSION = 5.0;
				TARGETED_DEVICE_FAMILY = 1;
			};
			name = Release;
		};
		EBFE853B27FED62C00461FE6 /* Debug */ = {
			isa = XCBuildConfiguration;
			baseConfigurationReference = C2A81ED2BC84C7254511583A /* Pods-SixtTests.debug.xcconfig */;
			buildSettings = {
				BUNDLE_LOADER = "$(TEST_HOST)";
				CODE_SIGN_STYLE = Automatic;
				CURRENT_PROJECT_VERSION = 1;
				GENERATE_INFOPLIST_FILE = YES;
				IPHONEOS_DEPLOYMENT_TARGET = 15.2;
				MARKETING_VERSION = 1.0;
				PRODUCT_BUNDLE_IDENTIFIER = com.debug.sixttesttask.SixtTests;
				PRODUCT_NAME = "$(TARGET_NAME)";
				SWIFT_EMIT_LOC_STRINGS = NO;
				SWIFT_VERSION = 5.0;
				TARGETED_DEVICE_FAMILY = "1,2";
				TEST_HOST = "$(BUILT_PRODUCTS_DIR)/Sixt.app/Sixt";
			};
			name = Debug;
		};
		EBFE853C27FED62C00461FE6 /* Release */ = {
			isa = XCBuildConfiguration;
			baseConfigurationReference = C7F294B612F03146DF29B647 /* Pods-SixtTests.release.xcconfig */;
			buildSettings = {
				BUNDLE_LOADER = "$(TEST_HOST)";
				CODE_SIGN_STYLE = Automatic;
				CURRENT_PROJECT_VERSION = 1;
				GENERATE_INFOPLIST_FILE = YES;
				IPHONEOS_DEPLOYMENT_TARGET = 15.2;
				MARKETING_VERSION = 1.0;
				PRODUCT_BUNDLE_IDENTIFIER = com.debug.sixttesttask.SixtTests;
				PRODUCT_NAME = "$(TARGET_NAME)";
				SWIFT_EMIT_LOC_STRINGS = NO;
				SWIFT_VERSION = 5.0;
				TARGETED_DEVICE_FAMILY = "1,2";
				TEST_HOST = "$(BUILT_PRODUCTS_DIR)/Sixt.app/Sixt";
			};
			name = Release;
		};
		EBFE853E27FED62C00461FE6 /* Debug */ = {
			isa = XCBuildConfiguration;
			baseConfigurationReference = 784DF296B5102371D537BAA5 /* Pods-Sixt-SixtUITests.debug.xcconfig */;
			buildSettings = {
				CODE_SIGN_STYLE = Automatic;
				CURRENT_PROJECT_VERSION = 1;
				GENERATE_INFOPLIST_FILE = YES;
				MARKETING_VERSION = 1.0;
				PRODUCT_BUNDLE_IDENTIFIER = com.debug.sixttesttask.SixtUITests;
				PRODUCT_NAME = "$(TARGET_NAME)";
				SWIFT_EMIT_LOC_STRINGS = NO;
				SWIFT_VERSION = 5.0;
				TARGETED_DEVICE_FAMILY = "1,2";
				TEST_TARGET_NAME = Sixt;
			};
			name = Debug;
		};
		EBFE853F27FED62C00461FE6 /* Release */ = {
			isa = XCBuildConfiguration;
			baseConfigurationReference = 897B7D13C68FE7C1ADD41441 /* Pods-Sixt-SixtUITests.release.xcconfig */;
			buildSettings = {
				CODE_SIGN_STYLE = Automatic;
				CURRENT_PROJECT_VERSION = 1;
				GENERATE_INFOPLIST_FILE = YES;
				MARKETING_VERSION = 1.0;
				PRODUCT_BUNDLE_IDENTIFIER = com.debug.sixttesttask.SixtUITests;
				PRODUCT_NAME = "$(TARGET_NAME)";
				SWIFT_EMIT_LOC_STRINGS = NO;
				SWIFT_VERSION = 5.0;
				TARGETED_DEVICE_FAMILY = "1,2";
				TEST_TARGET_NAME = Sixt;
			};
			name = Release;
		};
/* End XCBuildConfiguration section */

/* Begin XCConfigurationList section */
		EBFE850827FED62900461FE6 /* Build configuration list for PBXProject "Sixt" */ = {
			isa = XCConfigurationList;
			buildConfigurations = (
				EBFE853527FED62C00461FE6 /* Debug */,
				EBFE853627FED62C00461FE6 /* Release */,
			);
			defaultConfigurationIsVisible = 0;
			defaultConfigurationName = Release;
		};
		EBFE853727FED62C00461FE6 /* Build configuration list for PBXNativeTarget "Sixt" */ = {
			isa = XCConfigurationList;
			buildConfigurations = (
				EBFE853827FED62C00461FE6 /* Debug */,
				EBFE853927FED62C00461FE6 /* Release */,
			);
			defaultConfigurationIsVisible = 0;
			defaultConfigurationName = Release;
		};
		EBFE853A27FED62C00461FE6 /* Build configuration list for PBXNativeTarget "SixtTests" */ = {
			isa = XCConfigurationList;
			buildConfigurations = (
				EBFE853B27FED62C00461FE6 /* Debug */,
				EBFE853C27FED62C00461FE6 /* Release */,
			);
			defaultConfigurationIsVisible = 0;
			defaultConfigurationName = Release;
		};
		EBFE853D27FED62C00461FE6 /* Build configuration list for PBXNativeTarget "SixtUITests" */ = {
			isa = XCConfigurationList;
			buildConfigurations = (
				EBFE853E27FED62C00461FE6 /* Debug */,
				EBFE853F27FED62C00461FE6 /* Release */,
			);
			defaultConfigurationIsVisible = 0;
			defaultConfigurationName = Release;
		};
/* End XCConfigurationList section */
	};
	rootObject = EBFE850527FED62900461FE6 /* Project object */;
}
